PODS:
  - SHObjectUserInfo (1.0.0)
  - SHSegueBlocks (1.1.0):
    - SHObjectUserInfo (~> 1.0.0)

DEPENDENCIES:
  - SHSegueBlocks (from `../`)

EXTERNAL SOURCES:
  SHSegueBlocks:
    :path: ../

SPEC CHECKSUMS:
  SHObjectUserInfo: 46ec0f0d5131abff9fabdba55f4a3d012de3c646
  SHSegueBlocks: c25c880e811bc6d86658857c521557d2bafc83b4

COCOAPODS: 0.20.2
